
Microsoft Visual Studio Solution File, Format Version 11.00
# Visual Studio 2010
Project("{FAE04EC0-301F-11D3-BF4B-00C04F79EFBC}") = "Zooby", "Assembly-CSharp.csproj", "{37DA9537-34AB-1E97-3C11-69313220ADCE}"
EndProject
Global
	GlobalSection(SolutionConfigurationPlatforms) = preSolution
		Debug|Any CPU = Debug|Any CPU
		Release|Any CPU = Release|Any CPU
	EndGlobalSection
	GlobalSection(ProjectConfigurationPlatforms) = postSolution
		{37DA9537-34AB-1E97-3C11-69313220ADCE}.Debug|Any CPU.ActiveCfg = Debug|Any CPU
		{37DA9537-34AB-1E97-3C11-69313220ADCE}.Debug|Any CPU.Build.0 = Debug|Any CPU
		{37DA9537-34AB-1E97-3C11-69313220ADCE}.Release|Any CPU.ActiveCfg = Release|Any CPU
		{37DA9537-34AB-1E97-3C11-69313220ADCE}.Release|Any CPU.Build.0 = Release|Any CPU
	EndGlobalSection
	GlobalSection(SolutionProperties) = preSolution
		HideSolutionNode = FALSE
	EndGlobalSection
	GlobalSection(MonoDevelopProperties) = preSolution
		StartupItem = Assembly-CSharp.csproj
	EndGlobalSection
EndGlobal
